// !$*UTF8*$!
{
	archiveVersion = 1;
	classes = {
	};
	objectVersion = 56;
	objects = {

/* Begin PBXBuildFile section */
		29D00C442C78E154006056A0 /* WeatherAppApp.swift in Sources */ = {isa = PBXBuildFile; fileRef = 29D00C432C78E154006056A0 /* WeatherAppApp.swift */; };
		29D00C482C78E155006056A0 /* Assets.xcassets in Resources */ = {isa = PBXBuildFile; fileRef = 29D00C472C78E155006056A0 /* Assets.xcassets */; };
		29D00C4B2C78E155006056A0 /* Preview Assets.xcassets in Resources */ = {isa = PBXBuildFile; fileRef = 29D00C4A2C78E155006056A0 /* Preview Assets.xcassets */; };
		29D00C552C78E155006056A0 /* WeatherAppTests.swift in Sources */ = {isa = PBXBuildFile; fileRef = 29D00C542C78E155006056A0 /* WeatherAppTests.swift */; };
		29D00C732C78E1AC006056A0 /* Weather.swift in Sources */ = {isa = PBXBuildFile; fileRef = 29D00C722C78E1AC006056A0 /* Weather.swift */; };
		29D00C752C78E1F0006056A0 /* WeatherViewModel.swift in Sources */ = {isa = PBXBuildFile; fileRef = 29D00C742C78E1F0006056A0 /* WeatherViewModel.swift */; };
		29D00C772C78E215006056A0 /* WeatherNetworkManager.swift in Sources */ = {isa = PBXBuildFile; fileRef = 29D00C762C78E215006056A0 /* WeatherNetworkManager.swift */; };
		29D00C792C78E233006056A0 /* WeatherLocationManager.swift in Sources */ = {isa = PBXBuildFile; fileRef = 29D00C782C78E233006056A0 /* WeatherLocationManager.swift */; };
		29D00C7B2C78E295006056A0 /* WeatherConstants.swift in Sources */ = {isa = PBXBuildFile; fileRef = 29D00C7A2C78E295006056A0 /* WeatherConstants.swift */; };
		29D00C7D2C78F9FA006056A0 /* WeatherHomeView.swift in Sources */ = {isa = PBXBuildFile; fileRef = 29D00C7C2C78F9FA006056A0 /* WeatherHomeView.swift */; };
/* End PBXBuildFile section */

/* Begin PBXContainerItemProxy section */
		29D00C512C78E155006056A0 /* PBXContainerItemProxy */ = {
			isa = PBXContainerItemProxy;
			containerPortal = 29D00C382C78E153006056A0 /* Project object */;
			proxyType = 1;
			remoteGlobalIDString = 29D00C3F2C78E154006056A0;
			remoteInfo = WeatherApp;
		};
/* End PBXContainerItemProxy section */

/* Begin PBXFileReference section */
		29D00C402C78E154006056A0 /* WeatherApp.app */ = {isa = PBXFileReference; explicitFileType = wrapper.application; includeInIndex = 0; path = WeatherApp.app; sourceTree = BUILT_PRODUCTS_DIR; };
		29D00C432C78E154006056A0 /* WeatherAppApp.swift */ = {isa = PBXFileReference; lastKnownFileType = sourcecode.swift; path = WeatherAppApp.swift; sourceTree = "<group>"; };
		29D00C472C78E155006056A0 /* Assets.xcassets */ = {isa = PBXFileReference; lastKnownFileType = folder.assetcatalog; path = Assets.xcassets; sourceTree = "<group>"; };
		29D00C4A2C78E155006056A0 /* Preview Assets.xcassets */ = {isa = PBXFileReference; lastKnownFileType = folder.assetcatalog; path = "Preview Assets.xcassets"; sourceTree = "<group>"; };
		29D00C502C78E155006056A0 /* WeatherAppTests.xctest */ = {isa = PBXFileReference; explicitFileType = wrapper.cfbundle; includeInIndex = 0; path = WeatherAppTests.xctest; sourceTree = BUILT_PRODUCTS_DIR; };
		29D00C542C78E155006056A0 /* WeatherAppTests.swift */ = {isa = PBXFileReference; lastKnownFileType = sourcecode.swift; path = WeatherAppTests.swift; sourceTree = "<group>"; };
		29D00C722C78E1AC006056A0 /* Weather.swift */ = {isa = PBXFileReference; lastKnownFileType = sourcecode.swift; path = Weather.swift; sourceTree = "<group>"; };
		29D00C742C78E1F0006056A0 /* WeatherViewModel.swift */ = {isa = PBXFileReference; lastKnownFileType = sourcecode.swift; path = WeatherViewModel.swift; sourceTree = "<group>"; };
		29D00C762C78E215006056A0 /* WeatherNetworkManager.swift */ = {isa = PBXFileReference; lastKnownFileType = sourcecode.swift; path = WeatherNetworkManager.swift; sourceTree = "<group>"; };
		29D00C782C78E233006056A0 /* WeatherLocationManager.swift */ = {isa = PBXFileReference; lastKnownFileType = sourcecode.swift; path = WeatherLocationManager.swift; sourceTree = "<group>"; };
		29D00C7A2C78E295006056A0 /* WeatherConstants.swift */ = {isa = PBXFileReference; lastKnownFileType = sourcecode.swift; path = WeatherConstants.swift; sourceTree = "<group>"; };
		29D00C7C2C78F9FA006056A0 /* WeatherHomeView.swift */ = {isa = PBXFileReference; lastKnownFileType = sourcecode.swift; path = WeatherHomeView.swift; sourceTree = "<group>"; };
/* End PBXFileReference section */

/* Begin PBXFrameworksBuildPhase section */
		29D00C3D2C78E154006056A0 /* Frameworks */ = {
			isa = PBXFrameworksBuildPhase;
			buildActionMask = 2147483647;
			files = (
			);
			runOnlyForDeploymentPostprocessing = 0;
		};
		29D00C4D2C78E155006056A0 /* Frameworks */ = {
			isa = PBXFrameworksBuildPhase;
			buildActionMask = 2147483647;
			files = (
			);
			runOnlyForDeploymentPostprocessing = 0;
		};
/* End PBXFrameworksBuildPhase section */

/* Begin PBXGroup section */
		29D00C372C78E153006056A0 = {
			isa = PBXGroup;
			children = (
				29D00C422C78E154006056A0 /* WeatherApp */,
				29D00C532C78E155006056A0 /* WeatherAppTests */,
				29D00C412C78E154006056A0 /* Products */,
			);
			sourceTree = "<group>";
		};
		29D00C412C78E154006056A0 /* Products */ = {
			isa = PBXGroup;
			children = (
				29D00C402C78E154006056A0 /* WeatherApp.app */,
				29D00C502C78E155006056A0 /* WeatherAppTests.xctest */,
			);
			name = Products;
			sourceTree = "<group>";
		};
		29D00C422C78E154006056A0 /* WeatherApp */ = {
			isa = PBXGroup;
			children = (
				29D00C6E2C78E16C006056A0 /* View */,
				29D00C6F2C78E172006056A0 /* ViewModel */,
				29D00C6D2C78E167006056A0 /* Model */,
				29D00C712C78E187006056A0 /* Source */,
				29D00C472C78E155006056A0 /* Assets.xcassets */,
				29D00C492C78E155006056A0 /* Preview Content */,
			);
			path = WeatherApp;
			sourceTree = "<group>";
		};
		29D00C492C78E155006056A0 /* Preview Content */ = {
			isa = PBXGroup;
			children = (
				29D00C4A2C78E155006056A0 /* Preview Assets.xcassets */,
			);
			path = "Preview Content";
			sourceTree = "<group>";
		};
		29D00C532C78E155006056A0 /* WeatherAppTests */ = {
			isa = PBXGroup;
			children = (
				29D00C542C78E155006056A0 /* WeatherAppTests.swift */,
			);
			path = WeatherAppTests;
			sourceTree = "<group>";
		};
		29D00C6D2C78E167006056A0 /* Model */ = {
			isa = PBXGroup;
			children = (
				29D00C722C78E1AC006056A0 /* Weather.swift */,
			);
			path = Model;
			sourceTree = "<group>";
		};
		29D00C6E2C78E16C006056A0 /* View */ = {
			isa = PBXGroup;
			children = (
				29D00C432C78E154006056A0 /* WeatherAppApp.swift */,
				29D00C7C2C78F9FA006056A0 /* WeatherHomeView.swift */,
			);
			path = View;
			sourceTree = "<group>";
		};
		29D00C6F2C78E172006056A0 /* ViewModel */ = {
			isa = PBXGroup;
			children = (
				29D00C742C78E1F0006056A0 /* WeatherViewModel.swift */,
			);
			path = ViewModel;
			sourceTree = "<group>";
		};
		29D00C712C78E187006056A0 /* Source */ = {
			isa = PBXGroup;
			children = (
				29D00C762C78E215006056A0 /* WeatherNetworkManager.swift */,
				29D00C782C78E233006056A0 /* WeatherLocationManager.swift */,
				29D00C7A2C78E295006056A0 /* WeatherConstants.swift */,
			);
			path = Source;
			sourceTree = "<group>";
		};
/* End PBXGroup section */

/* Begin PBXNativeTarget section */
		29D00C3F2C78E154006056A0 /* WeatherApp */ = {
			isa = PBXNativeTarget;
			buildConfigurationList = 29D00C642C78E155006056A0 /* Build configuration list for PBXNativeTarget "WeatherApp" */;
			buildPhases = (
				29D00C3C2C78E154006056A0 /* Sources */,
				29D00C3D2C78E154006056A0 /* Frameworks */,
				29D00C3E2C78E154006056A0 /* Resources */,
			);
			buildRules = (
			);
			dependencies = (
			);
			name = WeatherApp;
			productName = WeatherApp;
			productReference = 29D00C402C78E154006056A0 /* WeatherApp.app */;
			productType = "com.apple.product-type.application";
		};
		29D00C4F2C78E155006056A0 /* WeatherAppTests */ = {
			isa = PBXNativeTarget;
			buildConfigurationList = 29D00C672C78E155006056A0 /* Build configuration list for PBXNativeTarget "WeatherAppTests" */;
			buildPhases = (
				29D00C4C2C78E155006056A0 /* Sources */,
				29D00C4D2C78E155006056A0 /* Frameworks */,
				29D00C4E2C78E155006056A0 /* Resources */,
			);
			buildRules = (
			);
			dependencies = (
				29D00C522C78E155006056A0 /* PBXTargetDependency */,
			);
			name = WeatherAppTests;
			productName = WeatherAppTests;
			productReference = 29D00C502C78E155006056A0 /* WeatherAppTests.xctest */;
			productType = "com.apple.product-type.bundle.unit-test";
		};
/* End PBXNativeTarget section */

/* Begin PBXProject section */
		29D00C382C78E153006056A0 /* Project object */ = {
			isa = PBXProject;
			attributes = {
				BuildIndependentTargetsInParallel = 1;
				LastSwiftUpdateCheck = 1540;
				LastUpgradeCheck = 1540;
				TargetAttributes = {
					29D00C3F2C78E154006056A0 = {
						CreatedOnToolsVersion = 15.4;
					};
					29D00C4F2C78E155006056A0 = {
						CreatedOnToolsVersion = 15.4;
						TestTargetID = 29D00C3F2C78E154006056A0;
					};
				};
			};
			buildConfigurationList = 29D00C3B2C78E153006056A0 /* Build configuration list for PBXProject "WeatherApp" */;
			compatibilityVersion = "Xcode 14.0";
			developmentRegion = en;
			hasScannedForEncodings = 0;
			knownRegions = (
				en,
				Base,
			);
			mainGroup = 29D00C372C78E153006056A0;
			productRefGroup = 29D00C412C78E154006056A0 /* Products */;
			projectDirPath = "";
			projectRoot = "";
			targets = (
				29D00C3F2C78E154006056A0 /* WeatherApp */,
				29D00C4F2C78E155006056A0 /* WeatherAppTests */,
			);
		};
/* End PBXProject section */

/* Begin PBXResourcesBuildPhase section */
		29D00C3E2C78E154006056A0 /* Resources */ = {
			isa = PBXResourcesBuildPhase;
			buildActionMask = 2147483647;
			files = (
				29D00C4B2C78E155006056A0 /* Preview Assets.xcassets in Resources */,
				29D00C482C78E155006056A0 /* Assets.xcassets in Resources */,
			);
			runOnlyForDeploymentPostprocessing = 0;
		};
		29D00C4E2C78E155006056A0 /* Resources */ = {
			isa = PBXResourcesBuildPhase;
			buildActionMask = 2147483647;
			files = (
			);
			runOnlyForDeploymentPostprocessing = 0;
		};
/* End PBXResourcesBuildPhase section */

/* Begin PBXSourcesBuildPhase section */
		29D00C3C2C78E154006056A0 /* Sources */ = {
			isa = PBXSourcesBuildPhase;
			buildActionMask = 2147483647;
			files = (
				29D00C752C78E1F0006056A0 /* WeatherViewModel.swift in Sources */,
				29D00C732C78E1AC006056A0 /* Weather.swift in Sources */,
				29D00C792C78E233006056A0 /* WeatherLocationManager.swift in Sources */,
				29D00C7D2C78F9FA006056A0 /* WeatherHomeView.swift in Sources */,
				29D00C442C78E154006056A0 /* WeatherAppApp.swift in Sources */,
				29D00C7B2C78E295006056A0 /* WeatherConstants.swift in Sources */,
				29D00C772C78E215006056A0 /* WeatherNetworkManager.swift in Sources */,
			);
			runOnlyForDeploymentPostprocessing = 0;
		};
		29D00C4C2C78E155006056A0 /* Sources */ = {
			isa = PBXSourcesBuildPhase;
			buildActionMask = 2147483647;
			files = (
				29D00C552C78E155006056A0 /* WeatherAppTests.swift in Sources */,
			);
			runOnlyForDeploymentPostprocessing = 0;
		};
/* End PBXSourcesBuildPhase section */

/* Begin PBXTargetDependency section */
		29D00C522C78E155006056A0 /* PBXTargetDependency */ = {
			isa = PBXTargetDependency;
			target = 29D00C3F2C78E154006056A0 /* WeatherApp */;
			targetProxy = 29D00C512C78E155006056A0 /* PBXContainerItemProxy */;
		};
/* End PBXTargetDependency section */

/* Begin XCBuildConfiguration section */
		29D00C622C78E155006056A0 /* Debug */ = {
			isa = XCBuildConfiguration;
			buildSettings = {
				ALWAYS_SEARCH_USER_PATHS = NO;
				ASSETCATALOG_COMPILER_GENERATE_SWIFT_ASSET_SYMBOL_EXTENSIONS = YES;
				CLANG_ANALYZER_NONNULL = YES;
				CLANG_ANALYZER_NUMBER_OBJECT_CONVERSION = YES_AGGRESSIVE;
				CLANG_CXX_LANGUAGE_STANDARD = "gnu++20";
				CLANG_ENABLE_MODULES = YES;
				CLANG_ENABLE_OBJC_ARC = YES;
				CLANG_ENABLE_OBJC_WEAK = YES;
				CLANG_WARN_BLOCK_CAPTURE_AUTORELEASING = YES;
				CLANG_WARN_BOOL_CONVERSION = YES;
				CLANG_WARN_COMMA = YES;
				CLANG_WARN_CONSTANT_CONVERSION = YES;
				CLANG_WARN_DEPRECATED_OBJC_IMPLEMENTATIONS = YES;
				CLANG_WARN_DIRECT_OBJC_ISA_USAGE = YES_ERROR;
				CLANG_WARN_DOCUMENTATION_COMMENTS = YES;
				CLANG_WARN_EMPTY_BODY = YES;
				CLANG_WARN_ENUM_CONVERSION = YES;
				CLANG_WARN_INFINITE_RECURSION = YES;
				CLANG_WARN_INT_CONVERSION = YES;
				CLANG_WARN_NON_LITERAL_NULL_CONVERSION = YES;
				CLANG_WARN_OBJC_IMPLICIT_RETAIN_SELF = YES;
				CLANG_WARN_OBJC_LITERAL_CONVERSION = YES;
				CLANG_WARN_OBJC_ROOT_CLASS = YES_ERROR;
				CLANG_WARN_QUOTED_INCLUDE_IN_FRAMEWORK_HEADER = YES;
				CLANG_WARN_RANGE_LOOP_ANALYSIS = YES;
				CLANG_WARN_STRICT_PROTOTYPES = YES;
				CLANG_WARN_SUSPICIOUS_MOVE = YES;
				CLANG_WARN_UNGUARDED_AVAILABILITY = YES_AGGRESSIVE;
				CLANG_WARN_UNREACHABLE_CODE = YES;
				CLANG_WARN__DUPLICATE_METHOD_MATCH = YES;
				COPY_PHASE_STRIP = NO;
				DEBUG_INFORMATION_FORMAT = dwarf;
				ENABLE_STRICT_OBJC_MSGSEND = YES;
				ENABLE_TESTABILITY = YES;
				ENABLE_USER_SCRIPT_SANDBOXING = YES;
				GCC_C_LANGUAGE_STANDARD = gnu17;
				GCC_DYNAMIC_NO_PIC = NO;
				GCC_NO_COMMON_BLOCKS = YES;
				GCC_OPTIMIZATION_LEVEL = 0;
				GCC_PREPROCESSOR_DEFINITIONS = (
					"DEBUG=1",
					"$(inherited)",
				);
				GCC_WARN_64_TO_32_BIT_CONVERSION = YES;
				GCC_WARN_ABOUT_RETURN_TYPE = YES_ERROR;
				GCC_WARN_UNDECLARED_SELECTOR = YES;
				GCC_WARN_UNINITIALIZED_AUTOS = YES_AGGRESSIVE;
				GCC_WARN_UNUSED_FUNCTION = YES;
				GCC_WARN_UNUSED_VARIABLE = YES;
				IPHONEOS_DEPLOYMENT_TARGET = 16.0;
				LOCALIZATION_PREFERS_STRING_CATALOGS = YES;
				MTL_ENABLE_DEBUG_INFO = INCLUDE_SOURCE;
				MTL_FAST_MATH = YES;
				ONLY_ACTIVE_ARCH = YES;
				SDKROOT = iphoneos;
				SWIFT_ACTIVE_COMPILATION_CONDITIONS = "DEBUG $(inherited)";
				SWIFT_OPTIMIZATION_LEVEL = "-Onone";
			};
			name = Debug;
		};
		29D00C632C78E155006056A0 /* Release */ = {
			isa = XCBuildConfiguration;
			buildSettings = {
				ALWAYS_SEARCH_USER_PATHS = NO;
				ASSETCATALOG_COMPILER_GENERATE_SWIFT_ASSET_SYMBOL_EXTENSIONS = YES;
				CLANG_ANALYZER_NONNULL = YES;
				CLANG_ANALYZER_NUMBER_OBJECT_CONVERSION = YES_AGGRESSIVE;
				CLANG_CXX_LANGUAGE_STANDARD = "gnu++20";
				CLANG_ENABLE_MODULES = YES;
				CLANG_ENABLE_OBJC_ARC = YES;
				CLANG_ENABLE_OBJC_WEAK = YES;
				CLANG_WARN_BLOCK_CAPTURE_AUTORELEASING = YES;
				CLANG_WARN_BOOL_CONVERSION = YES;
				CLANG_WARN_COMMA = YES;
				CLANG_WARN_CONSTANT_CONVERSION = YES;
				CLANG_WARN_DEPRECATED_OBJC_IMPLEMENTATIONS = YES;
				CLANG_WARN_DIRECT_OBJC_ISA_USAGE = YES_ERROR;
				CLANG_WARN_DOCUMENTATION_COMMENTS = YES;
				CLANG_WARN_EMPTY_BODY = YES;
				CLANG_WARN_ENUM_CONVERSION = YES;
				CLANG_WARN_INFINITE_RECURSION = YES;
				CLANG_WARN_INT_CONVERSION = YES;
				CLANG_WARN_NON_LITERAL_NULL_CONVERSION = YES;
				CLANG_WARN_OBJC_IMPLICIT_RETAIN_SELF = YES;
				CLANG_WARN_OBJC_LITERAL_CONVERSION = YES;
				CLANG_WARN_OBJC_ROOT_CLASS = YES_ERROR;
				CLANG_WARN_QUOTED_INCLUDE_IN_FRAMEWORK_HEADER = YES;
				CLANG_WARN_RANGE_LOOP_ANALYSIS = YES;
				CLANG_WARN_STRICT_PROTOTYPES = YES;
				CLANG_WARN_SUSPICIOUS_MOVE = YES;
				CLANG_WARN_UNGUARDED_AVAILABILITY = YES_AGGRESSIVE;
				CLANG_WARN_UNREACHABLE_CODE = YES;
				CLANG_WARN__DUPLICATE_METHOD_MATCH = YES;
				COPY_PHASE_STRIP = NO;
				DEBUG_INFORMATION_FORMAT = "dwarf-with-dsym";
				ENABLE_NS_ASSERTIONS = NO;
				ENABLE_STRICT_OBJC_MSGSEND = YES;
				ENABLE_USER_SCRIPT_SANDBOXING = YES;
				GCC_C_LANGUAGE_STANDARD = gnu17;
				GCC_NO_COMMON_BLOCKS = YES;
				GCC_WARN_64_TO_32_BIT_CONVERSION = YES;
				GCC_WARN_ABOUT_RETURN_TYPE = YES_ERROR;
				GCC_WARN_UNDECLARED_SELECTOR = YES;
				GCC_WARN_UNINITIALIZED_AUTOS = YES_AGGRESSIVE;
				GCC_WARN_UNUSED_FUNCTION = YES;
				GCC_WARN_UNUSED_VARIABLE = YES;
				IPHONEOS_DEPLOYMENT_TARGET = 16.0;
				LOCALIZATION_PREFERS_STRING_CATALOGS = YES;
				MTL_ENABLE_DEBUG_INFO = NO;
				MTL_FAST_MATH = YES;
				SDKROOT = iphoneos;
				SWIFT_COMPILATION_MODE = wholemodule;
				VALIDATE_PRODUCT = YES;
			};
			name = Release;
		};
		29D00C652C78E155006056A0 /* Debug */ = {
			isa = XCBuildConfiguration;
			buildSettings = {
				ASSETCATALOG_COMPILER_APPICON_NAME = AppIcon;
				ASSETCATALOG_COMPILER_GLOBAL_ACCENT_COLOR_NAME = AccentColor;
				CODE_SIGN_STYLE = Automatic;
				CURRENT_PROJECT_VERSION = 1;
				DEVELOPMENT_ASSET_PATHS = "\"WeatherApp/Preview Content\"";
				ENABLE_PREVIEWS = YES;
				GENERATE_INFOPLIST_FILE = YES;
				INFOPLIST_KEY_NSLocationWhenInUseUsageDescription = "Weather App would like to use your current location to retrieve local weather conditions";
				INFOPLIST_KEY_UIApplicationSceneManifest_Generation = YES;
				INFOPLIST_KEY_UIApplicationSupportsIndirectInputEvents = YES;
				INFOPLIST_KEY_UILaunchScreen_Generation = YES;
				INFOPLIST_KEY_UISupportedInterfaceOrientations_iPad = "UIInterfaceOrientationPortrait UIInterfaceOrientationPortraitUpsideDown UIInterfaceOrientationLandscapeLeft UIInterfaceOrientationLandscapeRight";
				INFOPLIST_KEY_UISupportedInterfaceOrientations_iPhone = "UIInterfaceOrientationPortrait UIInterfaceOrientationLandscapeLeft UIInterfaceOrientationLandscapeRight";
				LD_RUNPATH_SEARCH_PATHS = (
					"$(inherited)",
					"@executable_path/Frameworks",
				);
				MARKETING_VERSION = 1.0;
				PRODUCT_BUNDLE_IDENTIFIER = "Deepthi-Rao.WeatherApp";
				PRODUCT_NAME = "$(TARGET_NAME)";
				SWIFT_EMIT_LOC_STRINGS = YES;
				SWIFT_VERSION = 5.0;
				TARGETED_DEVICE_FAMILY = "1,2";
			};
			name = Debug;
		};
		29D00C662C78E155006056A0 /* Release */ = {
			isa = XCBuildConfiguration;
			buildSettings = {
				ASSETCATALOG_COMPILER_APPICON_NAME = AppIcon;
				ASSETCATALOG_COMPILER_GLOBAL_ACCENT_COLOR_NAME = AccentColor;
				CODE_SIGN_STYLE = Automatic;
				CURRENT_PROJECT_VERSION = 1;
				DEVELOPMENT_ASSET_PATHS = "\"WeatherApp/Preview Content\"";
				ENABLE_PREVIEWS = YES;
				GENERATE_INFOPLIST_FILE = YES;
				INFOPLIST_KEY_NSLocationWhenInUseUsageDescription = "Weather App would like to use your current location to retrieve local weather conditions";
				INFOPLIST_KEY_UIApplicationSceneManifest_Generation = YES;
				INFOPLIST_KEY_UIApplicationSupportsIndirectInputEvents = YES;
				INFOPLIST_KEY_UILaunchScreen_Generation = YES;
				INFOPLIST_KEY_UISupportedInterfaceOrientations_iPad = "UIInterfaceOrientationPortrait UIInterfaceOrientationPortraitUpsideDown UIInterfaceOrientationLandscapeLeft UIInterfaceOrientationLandscapeRight";
				INFOPLIST_KEY_UISupportedInterfaceOrientations_iPhone = "UIInterfaceOrientationPortrait UIInterfaceOrientationLandscapeLeft UIInterfaceOrientationLandscapeRight";
				LD_RUNPATH_SEARCH_PATHS = (
					"$(inherited)",
					"@executable_path/Frameworks",
				);
				MARKETING_VERSION = 1.0;
				PRODUCT_BUNDLE_IDENTIFIER = "Deepthi-Rao.WeatherApp";
				PRODUCT_NAME = "$(TARGET_NAME)";
				SWIFT_EMIT_LOC_STRINGS = YES;
				SWIFT_VERSION = 5.0;
				TARGETED_DEVICE_FAMILY = "1,2";
			};
			name = Release;
		};
		29D00C682C78E155006056A0 /* Debug */ = {
			isa = XCBuildConfiguration;
			buildSettings = {
				ALWAYS_EMBED_SWIFT_STANDARD_LIBRARIES = YES;
				BUNDLE_LOADER = "$(TEST_HOST)";
				CODE_SIGN_STYLE = Automatic;
				CURRENT_PROJECT_VERSION = 1;
				GENERATE_INFOPLIST_FILE = YES;
				IPHONEOS_DEPLOYMENT_TARGET = 17.5;
				MARKETING_VERSION = 1.0;
				PRODUCT_BUNDLE_IDENTIFIER = "Deepthi-Rao.WeatherAppTests";
				PRODUCT_NAME = "$(TARGET_NAME)";
				SWIFT_EMIT_LOC_STRINGS = NO;
				SWIFT_VERSION = 5.0;
				TARGETED_DEVICE_FAMILY = "1,2";
				TEST_HOST = "$(BUILT_PRODUCTS_DIR)/WeatherApp.app/$(BUNDLE_EXECUTABLE_FOLDER_PATH)/WeatherApp";
			};
			name = Debug;
		};
		29D00C692C78E155006056A0 /* Release */ = {
			isa = XCBuildConfiguration;
			buildSettings = {
				ALWAYS_EMBED_SWIFT_STANDARD_LIBRARIES = YES;
				BUNDLE_LOADER = "$(TEST_HOST)";
				CODE_SIGN_STYLE = Automatic;
				CURRENT_PROJECT_VERSION = 1;
				GENERATE_INFOPLIST_FILE = YES;
				IPHONEOS_DEPLOYMENT_TARGET = 17.5;
				MARKETING_VERSION = 1.0;
				PRODUCT_BUNDLE_IDENTIFIER = "Deepthi-Rao.WeatherAppTests";
				PRODUCT_NAME = "$(TARGET_NAME)";
				SWIFT_EMIT_LOC_STRINGS = NO;
				SWIFT_VERSION = 5.0;
				TARGETED_DEVICE_FAMILY = "1,2";
				TEST_HOST = "$(BUILT_PRODUCTS_DIR)/WeatherApp.app/$(BUNDLE_EXECUTABLE_FOLDER_PATH)/WeatherApp";
			};
			name = Release;
		};
/* End XCBuildConfiguration section */

/* Begin XCConfigurationList section */
		29D00C3B2C78E153006056A0 /* Build configuration list for PBXProject "WeatherApp" */ = {
			isa = XCConfigurationList;
			buildConfigurations = (
				29D00C622C78E155006056A0 /* Debug */,
				29D00C632C78E155006056A0 /* Release */,
			);
			defaultConfigurationIsVisible = 0;
			defaultConfigurationName = Release;
		};
		29D00C642C78E155006056A0 /* Build configuration list for PBXNativeTarget "WeatherApp" */ = {
			isa = XCConfigurationList;
			buildConfigurations = (
				29D00C652C78E155006056A0 /* Debug */,
				29D00C662C78E155006056A0 /* Release */,
			);
			defaultConfigurationIsVisible = 0;
			defaultConfigurationName = Release;
		};
		29D00C672C78E155006056A0 /* Build configuration list for PBXNativeTarget "WeatherAppTests" */ = {
			isa = XCConfigurationList;
			buildConfigurations = (
				29D00C682C78E155006056A0 /* Debug */,
				29D00C692C78E155006056A0 /* Release */,
			);
			defaultConfigurationIsVisible = 0;
			defaultConfigurationName = Release;
		};
/* End XCConfigurationList section */
	};
	rootObject = 29D00C382C78E153006056A0 /* Project object */;
}
